
Microsoft Visual Studio Solution File, Format Version 12.00
# Visual Studio Version 17
VisualStudioVersion = 17.6.33815.320
MinimumVisualStudioVersion = 10.0.40219.1
Project("{FAE04EC0-301F-11D3-BF4B-00C04F79EFBC}") = "aria-sdk-example", "aria-sdk-example.csproj", "{45FEE715-5906-45D0-ACF7-EF6955BB15CD}"
EndProject
Global
	GlobalSection(SolutionConfigurationPlatforms) = preSolution
		Debug|Any CPU = Debug|Any CPU
		Release|Any CPU = Release|Any CPU
	EndGlobalSection
	GlobalSection(ProjectConfigurationPlatforms) = postSolution
		{45FEE715-5906-45D0-ACF7-EF6955BB15CD}.Debug|Any CPU.ActiveCfg = Debug|Any CPU
		{45FEE715-5906-45D0-ACF7-EF6955BB15CD}.Debug|Any CPU.Build.0 = Debug|Any CPU
		{45FEE715-5906-45D0-ACF7-EF6955BB15CD}.Release|Any CPU.ActiveCfg = Release|Any CPU
		{45FEE715-5906-45D0-ACF7-EF6955BB15CD}.Release|Any CPU.Build.0 = Release|Any CPU
	EndGlobalSection
	GlobalSection(SolutionProperties) = preSolution
		HideSolutionNode = FALSE
	EndGlobalSection
	GlobalSection(ExtensibilityGlobals) = postSolution
		SolutionGuid = {3C8737F3-86A4-4CCB-A005-0C5344F3C80E}
	EndGlobalSection
EndGlobal
